// !$*UTF8*$!
{
	archiveVersion = 1;
	classes = {
	};
	objectVersion = 56;
	objects = {

/* Begin PBXBuildFile section */
		C44BDFF72AED28D200F9D8FB /* AppDelegate.swift in Sources */ = {isa = PBXBuildFile; fileRef = C44BDFF62AED28D200F9D8FB /* AppDelegate.swift */; };
		C44BDFF92AED28D200F9D8FB /* SceneDelegate.swift in Sources */ = {isa = PBXBuildFile; fileRef = C44BDFF82AED28D200F9D8FB /* SceneDelegate.swift */; };
		C44BDFFB2AED28D200F9D8FB /* TaskListViewController.swift in Sources */ = {isa = PBXBuildFile; fileRef = C44BDFFA2AED28D200F9D8FB /* TaskListViewController.swift */; };
		C44BE0002AED28D300F9D8FB /* Assets.xcassets in Resources */ = {isa = PBXBuildFile; fileRef = C44BDFFF2AED28D300F9D8FB /* Assets.xcassets */; };
		C44BE0032AED28D300F9D8FB /* LaunchScreen.storyboard in Resources */ = {isa = PBXBuildFile; fileRef = C44BE0012AED28D300F9D8FB /* LaunchScreen.storyboard */; };
		C44BE00C2AED6C6400F9D8FB /* Task.swift in Sources */ = {isa = PBXBuildFile; fileRef = C44BE00B2AED6C6400F9D8FB /* Task.swift */; };
		C44BE00F2AED6CAA00F9D8FB /* TaskViewModel.swift in Sources */ = {isa = PBXBuildFile; fileRef = C44BE00E2AED6CAA00F9D8FB /* TaskViewModel.swift */; };
		C44BE01E2AEE8AA400F9D8FB /* BreakDownTaskListViewController.swift in Sources */ = {isa = PBXBuildFile; fileRef = C44BE01D2AEE8AA400F9D8FB /* BreakDownTaskListViewController.swift */; };
		C44BE0202AEE8C3700F9D8FB /* BreakdownTaskListView.swift in Sources */ = {isa = PBXBuildFile; fileRef = C44BE01F2AEE8C3700F9D8FB /* BreakdownTaskListView.swift */; };
		C44BE0222AEE8D5500F9D8FB /* BreakdownTaskListView.xib in Resources */ = {isa = PBXBuildFile; fileRef = C44BE0212AEE8D5500F9D8FB /* BreakdownTaskListView.xib */; };
		C44BE0242AEE922200F9D8FB /* TaskListView.swift in Sources */ = {isa = PBXBuildFile; fileRef = C44BE0232AEE922200F9D8FB /* TaskListView.swift */; };
		C44BE0282AEE9C3D00F9D8FB /* TaskCell.swift in Sources */ = {isa = PBXBuildFile; fileRef = C44BE0272AEE9C3D00F9D8FB /* TaskCell.swift */; };
		C44BE02A2AEEB4E600F9D8FB /* TaskListView.xib in Resources */ = {isa = PBXBuildFile; fileRef = C44BE0292AEEB4E600F9D8FB /* TaskListView.xib */; };
		C4CD77062AEEB74100403A3E /* NewTaskListView.swift in Sources */ = {isa = PBXBuildFile; fileRef = C4CD77052AEEB74100403A3E /* NewTaskListView.swift */; };
		C4CD77082AEEB78900403A3E /* NewTaskListView.xib in Resources */ = {isa = PBXBuildFile; fileRef = C4CD77072AEEB78900403A3E /* NewTaskListView.xib */; };
		C4CD770A2AEEBD4C00403A3E /* NewTaskListViewController.swift in Sources */ = {isa = PBXBuildFile; fileRef = C4CD77092AEEBD4C00403A3E /* NewTaskListViewController.swift */; };
/* End PBXBuildFile section */

/* Begin PBXFileReference section */
		C44BDFF32AED28D200F9D8FB /* Nib-Xib-MVVM-TODO.app */ = {isa = PBXFileReference; explicitFileType = wrapper.application; includeInIndex = 0; path = "Nib-Xib-MVVM-TODO.app"; sourceTree = BUILT_PRODUCTS_DIR; };
		C44BDFF62AED28D200F9D8FB /* AppDelegate.swift */ = {isa = PBXFileReference; lastKnownFileType = sourcecode.swift; path = AppDelegate.swift; sourceTree = "<group>"; };
		C44BDFF82AED28D200F9D8FB /* SceneDelegate.swift */ = {isa = PBXFileReference; lastKnownFileType = sourcecode.swift; path = SceneDelegate.swift; sourceTree = "<group>"; };
		C44BDFFA2AED28D200F9D8FB /* TaskListViewController.swift */ = {isa = PBXFileReference; lastKnownFileType = sourcecode.swift; path = TaskListViewController.swift; sourceTree = "<group>"; };
		C44BDFFF2AED28D300F9D8FB /* Assets.xcassets */ = {isa = PBXFileReference; lastKnownFileType = folder.assetcatalog; path = Assets.xcassets; sourceTree = "<group>"; };
		C44BE0022AED28D300F9D8FB /* Base */ = {isa = PBXFileReference; lastKnownFileType = file.storyboard; name = Base; path = Base.lproj/LaunchScreen.storyboard; sourceTree = "<group>"; };
		C44BE0042AED28D300F9D8FB /* Info.plist */ = {isa = PBXFileReference; lastKnownFileType = text.plist.xml; path = Info.plist; sourceTree = "<group>"; };
		C44BE00B2AED6C6400F9D8FB /* Task.swift */ = {isa = PBXFileReference; lastKnownFileType = sourcecode.swift; path = Task.swift; sourceTree = "<group>"; };
		C44BE00E2AED6CAA00F9D8FB /* TaskViewModel.swift */ = {isa = PBXFileReference; lastKnownFileType = sourcecode.swift; path = TaskViewModel.swift; sourceTree = "<group>"; };
		C44BE01D2AEE8AA400F9D8FB /* BreakDownTaskListViewController.swift */ = {isa = PBXFileReference; lastKnownFileType = sourcecode.swift; path = BreakDownTaskListViewController.swift; sourceTree = "<group>"; };
		C44BE01F2AEE8C3700F9D8FB /* BreakdownTaskListView.swift */ = {isa = PBXFileReference; lastKnownFileType = sourcecode.swift; path = BreakdownTaskListView.swift; sourceTree = "<group>"; };
		C44BE0212AEE8D5500F9D8FB /* BreakdownTaskListView.xib */ = {isa = PBXFileReference; lastKnownFileType = file.xib; path = BreakdownTaskListView.xib; sourceTree = "<group>"; };
		C44BE0232AEE922200F9D8FB /* TaskListView.swift */ = {isa = PBXFileReference; lastKnownFileType = sourcecode.swift; path = TaskListView.swift; sourceTree = "<group>"; };
		C44BE0272AEE9C3D00F9D8FB /* TaskCell.swift */ = {isa = PBXFileReference; lastKnownFileType = sourcecode.swift; path = TaskCell.swift; sourceTree = "<group>"; };
		C44BE0292AEEB4E600F9D8FB /* TaskListView.xib */ = {isa = PBXFileReference; lastKnownFileType = file.xib; path = TaskListView.xib; sourceTree = "<group>"; };
		C4CD77052AEEB74100403A3E /* NewTaskListView.swift */ = {isa = PBXFileReference; lastKnownFileType = sourcecode.swift; path = NewTaskListView.swift; sourceTree = "<group>"; };
		C4CD77072AEEB78900403A3E /* NewTaskListView.xib */ = {isa = PBXFileReference; lastKnownFileType = file.xib; path = NewTaskListView.xib; sourceTree = "<group>"; };
		C4CD77092AEEBD4C00403A3E /* NewTaskListViewController.swift */ = {isa = PBXFileReference; lastKnownFileType = sourcecode.swift; path = NewTaskListViewController.swift; sourceTree = "<group>"; };
/* End PBXFileReference section */

/* Begin PBXFrameworksBuildPhase section */
		C44BDFF02AED28D200F9D8FB /* Frameworks */ = {
			isa = PBXFrameworksBuildPhase;
			buildActionMask = 2147483647;
			files = (
			);
			runOnlyForDeploymentPostprocessing = 0;
		};
/* End PBXFrameworksBuildPhase section */

/* Begin PBXGroup section */
		C44BDFEA2AED28D200F9D8FB = {
			isa = PBXGroup;
			children = (
				C44BDFF52AED28D200F9D8FB /* Nib-Xib-MVVM-TODO */,
				C44BDFF42AED28D200F9D8FB /* Products */,
			);
			sourceTree = "<group>";
		};
		C44BDFF42AED28D200F9D8FB /* Products */ = {
			isa = PBXGroup;
			children = (
				C44BDFF32AED28D200F9D8FB /* Nib-Xib-MVVM-TODO.app */,
			);
			name = Products;
			sourceTree = "<group>";
		};
		C44BDFF52AED28D200F9D8FB /* Nib-Xib-MVVM-TODO */ = {
			isa = PBXGroup;
			children = (
				C44BE00D2AED6C7500F9D8FB /* ViewModel */,
				C44BE00A2AED293B00F9D8FB /* Model */,
				C44BDFF62AED28D200F9D8FB /* AppDelegate.swift */,
				C44BDFF82AED28D200F9D8FB /* SceneDelegate.swift */,
				C44BE0122AED6CF000F9D8FB /* View */,
				C44BDFFF2AED28D300F9D8FB /* Assets.xcassets */,
				C44BE0012AED28D300F9D8FB /* LaunchScreen.storyboard */,
				C44BE0042AED28D300F9D8FB /* Info.plist */,
			);
			path = "Nib-Xib-MVVM-TODO";
			sourceTree = "<group>";
		};
		C44BE00A2AED293B00F9D8FB /* Model */ = {
			isa = PBXGroup;
			children = (
				C44BE00B2AED6C6400F9D8FB /* Task.swift */,
			);
			path = Model;
			sourceTree = "<group>";
		};
		C44BE00D2AED6C7500F9D8FB /* ViewModel */ = {
			isa = PBXGroup;
			children = (
				C44BE00E2AED6CAA00F9D8FB /* TaskViewModel.swift */,
			);
			path = ViewModel;
			sourceTree = "<group>";
		};
		C44BE0122AED6CF000F9D8FB /* View */ = {
			isa = PBXGroup;
			children = (
				C44BDFFA2AED28D200F9D8FB /* TaskListViewController.swift */,
				C4CD77092AEEBD4C00403A3E /* NewTaskListViewController.swift */,
				C44BE01D2AEE8AA400F9D8FB /* BreakDownTaskListViewController.swift */,
				C44BE01F2AEE8C3700F9D8FB /* BreakdownTaskListView.swift */,
				C44BE0212AEE8D5500F9D8FB /* BreakdownTaskListView.xib */,
				C44BE0232AEE922200F9D8FB /* TaskListView.swift */,
				C44BE0292AEEB4E600F9D8FB /* TaskListView.xib */,
				C44BE0272AEE9C3D00F9D8FB /* TaskCell.swift */,
				C4CD77052AEEB74100403A3E /* NewTaskListView.swift */,
				C4CD77072AEEB78900403A3E /* NewTaskListView.xib */,
			);
			path = View;
			sourceTree = "<group>";
		};
/* End PBXGroup section */

/* Begin PBXNativeTarget section */
		C44BDFF22AED28D200F9D8FB /* Nib-Xib-MVVM-TODO */ = {
			isa = PBXNativeTarget;
			buildConfigurationList = C44BE0072AED28D300F9D8FB /* Build configuration list for PBXNativeTarget "Nib-Xib-MVVM-TODO" */;
			buildPhases = (
				C44BDFEF2AED28D200F9D8FB /* Sources */,
				C44BDFF02AED28D200F9D8FB /* Frameworks */,
				C44BDFF12AED28D200F9D8FB /* Resources */,
			);
			buildRules = (
			);
			dependencies = (
			);
			name = "Nib-Xib-MVVM-TODO";
			productName = "Nib-Xib-MVVM-TODO";
			productReference = C44BDFF32AED28D200F9D8FB /* Nib-Xib-MVVM-TODO.app */;
			productType = "com.apple.product-type.application";
		};
/* End PBXNativeTarget section */

/* Begin PBXProject section */
		C44BDFEB2AED28D200F9D8FB /* Project object */ = {
			isa = PBXProject;
			attributes = {
				BuildIndependentTargetsInParallel = 1;
				LastSwiftUpdateCheck = 1430;
				LastUpgradeCheck = 1430;
				TargetAttributes = {
					C44BDFF22AED28D200F9D8FB = {
						CreatedOnToolsVersion = 14.3;
					};
				};
			};
			buildConfigurationList = C44BDFEE2AED28D200F9D8FB /* Build configuration list for PBXProject "Nib-Xib-MVVM-TODO" */;
			compatibilityVersion = "Xcode 14.0";
			developmentRegion = en;
			hasScannedForEncodings = 0;
			knownRegions = (
				en,
				Base,
			);
			mainGroup = C44BDFEA2AED28D200F9D8FB;
			productRefGroup = C44BDFF42AED28D200F9D8FB /* Products */;
			projectDirPath = "";
			projectRoot = "";
			targets = (
				C44BDFF22AED28D200F9D8FB /* Nib-Xib-MVVM-TODO */,
			);
		};
/* End PBXProject section */

/* Begin PBXResourcesBuildPhase section */
		C44BDFF12AED28D200F9D8FB /* Resources */ = {
			isa = PBXResourcesBuildPhase;
			buildActionMask = 2147483647;
			files = (
				C4CD77082AEEB78900403A3E /* NewTaskListView.xib in Resources */,
				C44BE0222AEE8D5500F9D8FB /* BreakdownTaskListView.xib in Resources */,
				C44BE0032AED28D300F9D8FB /* LaunchScreen.storyboard in Resources */,
				C44BE0002AED28D300F9D8FB /* Assets.xcassets in Resources */,
				C44BE02A2AEEB4E600F9D8FB /* TaskListView.xib in Resources */,
			);
			runOnlyForDeploymentPostprocessing = 0;
		};
/* End PBXResourcesBuildPhase section */

/* Begin PBXSourcesBuildPhase section */
		C44BDFEF2AED28D200F9D8FB /* Sources */ = {
			isa = PBXSourcesBuildPhase;
			buildActionMask = 2147483647;
			files = (
				C44BE0202AEE8C3700F9D8FB /* BreakdownTaskListView.swift in Sources */,
				C44BE00C2AED6C6400F9D8FB /* Task.swift in Sources */,
				C44BDFFB2AED28D200F9D8FB /* TaskListViewController.swift in Sources */,
				C44BDFF72AED28D200F9D8FB /* AppDelegate.swift in Sources */,
				C4CD77062AEEB74100403A3E /* NewTaskListView.swift in Sources */,
				C44BE00F2AED6CAA00F9D8FB /* TaskViewModel.swift in Sources */,
				C44BDFF92AED28D200F9D8FB /* SceneDelegate.swift in Sources */,
				C4CD770A2AEEBD4C00403A3E /* NewTaskListViewController.swift in Sources */,
				C44BE01E2AEE8AA400F9D8FB /* BreakDownTaskListViewController.swift in Sources */,
				C44BE0282AEE9C3D00F9D8FB /* TaskCell.swift in Sources */,
				C44BE0242AEE922200F9D8FB /* TaskListView.swift in Sources */,
			);
			runOnlyForDeploymentPostprocessing = 0;
		};
/* End PBXSourcesBuildPhase section */

/* Begin PBXVariantGroup section */
		C44BE0012AED28D300F9D8FB /* LaunchScreen.storyboard */ = {
			isa = PBXVariantGroup;
			children = (
				C44BE0022AED28D300F9D8FB /* Base */,
			);
			name = LaunchScreen.storyboard;
			sourceTree = "<group>";
		};
/* End PBXVariantGroup section */

/* Begin XCBuildConfiguration section */
		C44BE0052AED28D300F9D8FB /* Debug */ = {
			isa = XCBuildConfiguration;
			buildSettings = {
				ALWAYS_SEARCH_USER_PATHS = NO;
				CLANG_ANALYZER_NONNULL = YES;
				CLANG_ANALYZER_NUMBER_OBJECT_CONVERSION = YES_AGGRESSIVE;
				CLANG_CXX_LANGUAGE_STANDARD = "gnu++20";
				CLANG_ENABLE_MODULES = YES;
				CLANG_ENABLE_OBJC_ARC = YES;
				CLANG_ENABLE_OBJC_WEAK = YES;
				CLANG_WARN_BLOCK_CAPTURE_AUTORELEASING = YES;
				CLANG_WARN_BOOL_CONVERSION = YES;
				CLANG_WARN_COMMA = YES;
				CLANG_WARN_CONSTANT_CONVERSION = YES;
				CLANG_WARN_DEPRECATED_OBJC_IMPLEMENTATIONS = YES;
				CLANG_WARN_DIRECT_OBJC_ISA_USAGE = YES_ERROR;
				CLANG_WARN_DOCUMENTATION_COMMENTS = YES;
				CLANG_WARN_EMPTY_BODY = YES;
				CLANG_WARN_ENUM_CONVERSION = YES;
				CLANG_WARN_INFINITE_RECURSION = YES;
				CLANG_WARN_INT_CONVERSION = YES;
				CLANG_WARN_NON_LITERAL_NULL_CONVERSION = YES;
				CLANG_WARN_OBJC_IMPLICIT_RETAIN_SELF = YES;
				CLANG_WARN_OBJC_LITERAL_CONVERSION = YES;
				CLANG_WARN_OBJC_ROOT_CLASS = YES_ERROR;
				CLANG_WARN_QUOTED_INCLUDE_IN_FRAMEWORK_HEADER = YES;
				CLANG_WARN_RANGE_LOOP_ANALYSIS = YES;
				CLANG_WARN_STRICT_PROTOTYPES = YES;
				CLANG_WARN_SUSPICIOUS_MOVE = YES;
				CLANG_WARN_UNGUARDED_AVAILABILITY = YES_AGGRESSIVE;
				CLANG_WARN_UNREACHABLE_CODE = YES;
				CLANG_WARN__DUPLICATE_METHOD_MATCH = YES;
				COPY_PHASE_STRIP = NO;
				DEBUG_INFORMATION_FORMAT = dwarf;
				ENABLE_STRICT_OBJC_MSGSEND = YES;
				ENABLE_TESTABILITY = YES;
				GCC_C_LANGUAGE_STANDARD = gnu11;
				GCC_DYNAMIC_NO_PIC = NO;
				GCC_NO_COMMON_BLOCKS = YES;
				GCC_OPTIMIZATION_LEVEL = 0;
				GCC_PREPROCESSOR_DEFINITIONS = (
					"DEBUG=1",
					"$(inherited)",
				);
				GCC_WARN_64_TO_32_BIT_CONVERSION = YES;
				GCC_WARN_ABOUT_RETURN_TYPE = YES_ERROR;
				GCC_WARN_UNDECLARED_SELECTOR = YES;
				GCC_WARN_UNINITIALIZED_AUTOS = YES_AGGRESSIVE;
				GCC_WARN_UNUSED_FUNCTION = YES;
				GCC_WARN_UNUSED_VARIABLE = YES;
				IPHONEOS_DEPLOYMENT_TARGET = 16.4;
				MTL_ENABLE_DEBUG_INFO = INCLUDE_SOURCE;
				MTL_FAST_MATH = YES;
				ONLY_ACTIVE_ARCH = YES;
				SDKROOT = iphoneos;
				SWIFT_ACTIVE_COMPILATION_CONDITIONS = DEBUG;
				SWIFT_OPTIMIZATION_LEVEL = "-Onone";
			};
			name = Debug;
		};
		C44BE0062AED28D300F9D8FB /* Release */ = {
			isa = XCBuildConfiguration;
			buildSettings = {
				ALWAYS_SEARCH_USER_PATHS = NO;
				CLANG_ANALYZER_NONNULL = YES;
				CLANG_ANALYZER_NUMBER_OBJECT_CONVERSION = YES_AGGRESSIVE;
				CLANG_CXX_LANGUAGE_STANDARD = "gnu++20";
				CLANG_ENABLE_MODULES = YES;
				CLANG_ENABLE_OBJC_ARC = YES;
				CLANG_ENABLE_OBJC_WEAK = YES;
				CLANG_WARN_BLOCK_CAPTURE_AUTORELEASING = YES;
				CLANG_WARN_BOOL_CONVERSION = YES;
				CLANG_WARN_COMMA = YES;
				CLANG_WARN_CONSTANT_CONVERSION = YES;
				CLANG_WARN_DEPRECATED_OBJC_IMPLEMENTATIONS = YES;
				CLANG_WARN_DIRECT_OBJC_ISA_USAGE = YES_ERROR;
				CLANG_WARN_DOCUMENTATION_COMMENTS = YES;
				CLANG_WARN_EMPTY_BODY = YES;
				CLANG_WARN_ENUM_CONVERSION = YES;
				CLANG_WARN_INFINITE_RECURSION = YES;
				CLANG_WARN_INT_CONVERSION = YES;
				CLANG_WARN_NON_LITERAL_NULL_CONVERSION = YES;
				CLANG_WARN_OBJC_IMPLICIT_RETAIN_SELF = YES;
				CLANG_WARN_OBJC_LITERAL_CONVERSION = YES;
				CLANG_WARN_OBJC_ROOT_CLASS = YES_ERROR;
				CLANG_WARN_QUOTED_INCLUDE_IN_FRAMEWORK_HEADER = YES;
				CLANG_WARN_RANGE_LOOP_ANALYSIS = YES;
				CLANG_WARN_STRICT_PROTOTYPES = YES;
				CLANG_WARN_SUSPICIOUS_MOVE = YES;
				CLANG_WARN_UNGUARDED_AVAILABILITY = YES_AGGRESSIVE;
				CLANG_WARN_UNREACHABLE_CODE = YES;
				CLANG_WARN__DUPLICATE_METHOD_MATCH = YES;
				COPY_PHASE_STRIP = NO;
				DEBUG_INFORMATION_FORMAT = "dwarf-with-dsym";
				ENABLE_NS_ASSERTIONS = NO;
				ENABLE_STRICT_OBJC_MSGSEND = YES;
				GCC_C_LANGUAGE_STANDARD = gnu11;
				GCC_NO_COMMON_BLOCKS = YES;
				GCC_WARN_64_TO_32_BIT_CONVERSION = YES;
				GCC_WARN_ABOUT_RETURN_TYPE = YES_ERROR;
				GCC_WARN_UNDECLARED_SELECTOR = YES;
				GCC_WARN_UNINITIALIZED_AUTOS = YES_AGGRESSIVE;
				GCC_WARN_UNUSED_FUNCTION = YES;
				GCC_WARN_UNUSED_VARIABLE = YES;
				IPHONEOS_DEPLOYMENT_TARGET = 16.4;
				MTL_ENABLE_DEBUG_INFO = NO;
				MTL_FAST_MATH = YES;
				SDKROOT = iphoneos;
				SWIFT_COMPILATION_MODE = wholemodule;
				SWIFT_OPTIMIZATION_LEVEL = "-O";
				VALIDATE_PRODUCT = YES;
			};
			name = Release;
		};
		C44BE0082AED28D300F9D8FB /* Debug */ = {
			isa = XCBuildConfiguration;
			buildSettings = {
				ASSETCATALOG_COMPILER_APPICON_NAME = AppIcon;
				ASSETCATALOG_COMPILER_GLOBAL_ACCENT_COLOR_NAME = AccentColor;
				CODE_SIGN_STYLE = Automatic;
				CURRENT_PROJECT_VERSION = 1;
				GENERATE_INFOPLIST_FILE = YES;
				INFOPLIST_FILE = "Nib-Xib-MVVM-TODO/Info.plist";
				INFOPLIST_KEY_UIApplicationSupportsIndirectInputEvents = YES;
				INFOPLIST_KEY_UILaunchStoryboardName = LaunchScreen;
				INFOPLIST_KEY_UISupportedInterfaceOrientations_iPad = "UIInterfaceOrientationPortrait UIInterfaceOrientationPortraitUpsideDown UIInterfaceOrientationLandscapeLeft UIInterfaceOrientationLandscapeRight";
				INFOPLIST_KEY_UISupportedInterfaceOrientations_iPhone = "UIInterfaceOrientationPortrait UIInterfaceOrientationLandscapeLeft UIInterfaceOrientationLandscapeRight";
				LD_RUNPATH_SEARCH_PATHS = (
					"$(inherited)",
					"@executable_path/Frameworks",
				);
				MARKETING_VERSION = 1.0;
				PRODUCT_BUNDLE_IDENTIFIER = "mpilo.pillz.Nib-Xib-MVVM-TODO";
				PRODUCT_NAME = "$(TARGET_NAME)";
				SWIFT_EMIT_LOC_STRINGS = YES;
				SWIFT_VERSION = 5.0;
				TARGETED_DEVICE_FAMILY = "1,2";
			};
			name = Debug;
		};
		C44BE0092AED28D300F9D8FB /* Release */ = {
			isa = XCBuildConfiguration;
			buildSettings = {
				ASSETCATALOG_COMPILER_APPICON_NAME = AppIcon;
				ASSETCATALOG_COMPILER_GLOBAL_ACCENT_COLOR_NAME = AccentColor;
				CODE_SIGN_STYLE = Automatic;
				CURRENT_PROJECT_VERSION = 1;
				GENERATE_INFOPLIST_FILE = YES;
				INFOPLIST_FILE = "Nib-Xib-MVVM-TODO/Info.plist";
				INFOPLIST_KEY_UIApplicationSupportsIndirectInputEvents = YES;
				INFOPLIST_KEY_UILaunchStoryboardName = LaunchScreen;
				INFOPLIST_KEY_UISupportedInterfaceOrientations_iPad = "UIInterfaceOrientationPortrait UIInterfaceOrientationPortraitUpsideDown UIInterfaceOrientationLandscapeLeft UIInterfaceOrientationLandscapeRight";
				INFOPLIST_KEY_UISupportedInterfaceOrientations_iPhone = "UIInterfaceOrientationPortrait UIInterfaceOrientationLandscapeLeft UIInterfaceOrientationLandscapeRight";
				LD_RUNPATH_SEARCH_PATHS = (
					"$(inherited)",
					"@executable_path/Frameworks",
				);
				MARKETING_VERSION = 1.0;
				PRODUCT_BUNDLE_IDENTIFIER = "mpilo.pillz.Nib-Xib-MVVM-TODO";
				PRODUCT_NAME = "$(TARGET_NAME)";
				SWIFT_EMIT_LOC_STRINGS = YES;
				SWIFT_VERSION = 5.0;
				TARGETED_DEVICE_FAMILY = "1,2";
			};
			name = Release;
		};
/* End XCBuildConfiguration section */

/* Begin XCConfigurationList section */
		C44BDFEE2AED28D200F9D8FB /* Build configuration list for PBXProject "Nib-Xib-MVVM-TODO" */ = {
			isa = XCConfigurationList;
			buildConfigurations = (
				C44BE0052AED28D300F9D8FB /* Debug */,
				C44BE0062AED28D300F9D8FB /* Release */,
			);
			defaultConfigurationIsVisible = 0;
			defaultConfigurationName = Release;
		};
		C44BE0072AED28D300F9D8FB /* Build configuration list for PBXNativeTarget "Nib-Xib-MVVM-TODO" */ = {
			isa = XCConfigurationList;
			buildConfigurations = (
				C44BE0082AED28D300F9D8FB /* Debug */,
				C44BE0092AED28D300F9D8FB /* Release */,
			);
			defaultConfigurationIsVisible = 0;
			defaultConfigurationName = Release;
		};
/* End XCConfigurationList section */
	};
	rootObject = C44BDFEB2AED28D200F9D8FB /* Project object */;
}
